
Microsoft Visual Studio Solution File, Format Version 12.00
# Visual Studio Version 17
VisualStudioVersion = 17.10.35027.167
MinimumVisualStudioVersion = 10.0.40219.1
Project("{FAE04EC0-301F-11D3-BF4B-00C04F79EFBC}") = "ToDoApp", "ToDoApp\ToDoApp.csproj", "{2B37709E-8DFC-45CA-A6A8-384906724BE6}"
EndProject
Global
	GlobalSection(SolutionConfigurationPlatforms) = preSolution
		Debug|Any CPU = Debug|Any CPU
		Release|Any CPU = Release|Any CPU
	EndGlobalSection
	GlobalSection(ProjectConfigurationPlatforms) = postSolution
		{2B37709E-8DFC-45CA-A6A8-384906724BE6}.Debug|Any CPU.ActiveCfg = Debug|Any CPU
		{2B37709E-8DFC-45CA-A6A8-384906724BE6}.Debug|Any CPU.Build.0 = Debug|Any CPU
		{2B37709E-8DFC-45CA-A6A8-384906724BE6}.Release|Any CPU.ActiveCfg = Release|Any CPU
		{2B37709E-8DFC-45CA-A6A8-384906724BE6}.Release|Any CPU.Build.0 = Release|Any CPU
	EndGlobalSection
	GlobalSection(SolutionProperties) = preSolution
		HideSolutionNode = FALSE
	EndGlobalSection
	GlobalSection(ExtensibilityGlobals) = postSolution
		SolutionGuid = {9C0EFA1C-1AB2-4F41-AB78-7E470E313463}
	EndGlobalSection
EndGlobal
